// !$*UTF8*$!
{
	archiveVersion = 1;
	classes = {
	};
	objectVersion = 50;
	objects = {

/* Begin PBXBuildFile section */
		7E08E999209303C000F2D236 /* AppDelegate.swift in Sources */ = {isa = PBXBuildFile; fileRef = 7E08E998209303C000F2D236 /* AppDelegate.swift */; };
		7E08E99B209303C000F2D236 /* art.scnassets in Resources */ = {isa = PBXBuildFile; fileRef = 7E08E99A209303C000F2D236 /* art.scnassets */; };
		7E08E99D209303C000F2D236 /* ViewController.swift in Sources */ = {isa = PBXBuildFile; fileRef = 7E08E99C209303C000F2D236 /* ViewController.swift */; };
		7E08E9A0209303C000F2D236 /* Main.storyboard in Resources */ = {isa = PBXBuildFile; fileRef = 7E08E99E209303C000F2D236 /* Main.storyboard */; };
		7E08E9A2209303C200F2D236 /* Assets.xcassets in Resources */ = {isa = PBXBuildFile; fileRef = 7E08E9A1209303C200F2D236 /* Assets.xcassets */; };
		7E08E9A5209303C200F2D236 /* LaunchScreen.storyboard in Resources */ = {isa = PBXBuildFile; fileRef = 7E08E9A3209303C200F2D236 /* LaunchScreen.storyboard */; };
		7E08E9E1209315E700F2D236 /* TaskDelegate.swift in Sources */ = {isa = PBXBuildFile; fileRef = 7E08E9C5209315E700F2D236 /* TaskDelegate.swift */; };
		7E08E9E2209315E700F2D236 /* MultipartFormData.swift in Sources */ = {isa = PBXBuildFile; fileRef = 7E08E9C6209315E700F2D236 /* MultipartFormData.swift */; };
		7E08E9E3209315E700F2D236 /* NetworkReachabilityManager.swift in Sources */ = {isa = PBXBuildFile; fileRef = 7E08E9C7209315E700F2D236 /* NetworkReachabilityManager.swift */; };
		7E08E9E4209315E700F2D236 /* Timeline.swift in Sources */ = {isa = PBXBuildFile; fileRef = 7E08E9C8209315E700F2D236 /* Timeline.swift */; };
		7E08E9E5209315E700F2D236 /* DispatchQueue+Alamofire.swift in Sources */ = {isa = PBXBuildFile; fileRef = 7E08E9C9209315E700F2D236 /* DispatchQueue+Alamofire.swift */; };
		7E08E9E6209315E700F2D236 /* Result.swift in Sources */ = {isa = PBXBuildFile; fileRef = 7E08E9CA209315E700F2D236 /* Result.swift */; };
		7E08E9E7209315E700F2D236 /* ParameterEncoding.swift in Sources */ = {isa = PBXBuildFile; fileRef = 7E08E9CB209315E700F2D236 /* ParameterEncoding.swift */; };
		7E08E9E8209315E700F2D236 /* AFError.swift in Sources */ = {isa = PBXBuildFile; fileRef = 7E08E9CC209315E700F2D236 /* AFError.swift */; };
		7E08E9E9209315E700F2D236 /* Validation.swift in Sources */ = {isa = PBXBuildFile; fileRef = 7E08E9CD209315E700F2D236 /* Validation.swift */; };
		7E08E9EA209315E700F2D236 /* Notifications.swift in Sources */ = {isa = PBXBuildFile; fileRef = 7E08E9CE209315E700F2D236 /* Notifications.swift */; };
		7E08E9EB209315E800F2D236 /* Response.swift in Sources */ = {isa = PBXBuildFile; fileRef = 7E08E9CF209315E700F2D236 /* Response.swift */; };
		7E08E9EC209315E800F2D236 /* Alamofire.swift in Sources */ = {isa = PBXBuildFile; fileRef = 7E08E9D0209315E700F2D236 /* Alamofire.swift */; };
		7E08E9EE209315E800F2D236 /* Request.swift in Sources */ = {isa = PBXBuildFile; fileRef = 7E08E9D2209315E700F2D236 /* Request.swift */; };
		7E08E9EF209315E800F2D236 /* SessionManager.swift in Sources */ = {isa = PBXBuildFile; fileRef = 7E08E9D3209315E700F2D236 /* SessionManager.swift */; };
		7E08E9F0209315E800F2D236 /* ResponseSerialization.swift in Sources */ = {isa = PBXBuildFile; fileRef = 7E08E9D4209315E700F2D236 /* ResponseSerialization.swift */; };
		7E08E9F1209315E800F2D236 /* ServerTrustPolicy.swift in Sources */ = {isa = PBXBuildFile; fileRef = 7E08E9D6209315E700F2D236 /* ServerTrustPolicy.swift */; };
		7E08E9F3209315E800F2D236 /* SessionDelegate.swift in Sources */ = {isa = PBXBuildFile; fileRef = 7E08E9D8209315E700F2D236 /* SessionDelegate.swift */; };
		7E08E9FC2093247900F2D236 /* Archive.swift in Sources */ = {isa = PBXBuildFile; fileRef = 7E08E9F52093247900F2D236 /* Archive.swift */; };
		7E08E9FD2093247900F2D236 /* Archive+Reading.swift in Sources */ = {isa = PBXBuildFile; fileRef = 7E08E9F62093247900F2D236 /* Archive+Reading.swift */; };
		7E08E9FE2093247900F2D236 /* Entry.swift in Sources */ = {isa = PBXBuildFile; fileRef = 7E08E9F72093247900F2D236 /* Entry.swift */; };
		7E08E9FF2093247900F2D236 /* Data+Compression.swift in Sources */ = {isa = PBXBuildFile; fileRef = 7E08E9F82093247900F2D236 /* Data+Compression.swift */; };
		7E08EA002093247900F2D236 /* Archive+Writing.swift in Sources */ = {isa = PBXBuildFile; fileRef = 7E08E9F92093247900F2D236 /* Archive+Writing.swift */; };
		7E08EA012093247900F2D236 /* Data+Serialization.swift in Sources */ = {isa = PBXBuildFile; fileRef = 7E08E9FA2093247900F2D236 /* Data+Serialization.swift */; };
		7E08EA022093247900F2D236 /* FileManager+ZIP.swift in Sources */ = {isa = PBXBuildFile; fileRef = 7E08E9FB2093247900F2D236 /* FileManager+ZIP.swift */; };
/* End PBXBuildFile section */

/* Begin PBXFileReference section */
		7E08E995209303C000F2D236 /* Remote3DSceneDemo.app */ = {isa = PBXFileReference; explicitFileType = wrapper.application; includeInIndex = 0; path = Remote3DSceneDemo.app; sourceTree = BUILT_PRODUCTS_DIR; };
		7E08E998209303C000F2D236 /* AppDelegate.swift */ = {isa = PBXFileReference; lastKnownFileType = sourcecode.swift; path = AppDelegate.swift; sourceTree = "<group>"; };
		7E08E99A209303C000F2D236 /* art.scnassets */ = {isa = PBXFileReference; lastKnownFileType = wrapper.scnassets; path = art.scnassets; sourceTree = "<group>"; };
		7E08E99C209303C000F2D236 /* ViewController.swift */ = {isa = PBXFileReference; lastKnownFileType = sourcecode.swift; path = ViewController.swift; sourceTree = "<group>"; };
		7E08E99F209303C000F2D236 /* Base */ = {isa = PBXFileReference; lastKnownFileType = file.storyboard; name = Base; path = Base.lproj/Main.storyboard; sourceTree = "<group>"; };
		7E08E9A1209303C200F2D236 /* Assets.xcassets */ = {isa = PBXFileReference; lastKnownFileType = folder.assetcatalog; path = Assets.xcassets; sourceTree = "<group>"; };
		7E08E9A4209303C200F2D236 /* Base */ = {isa = PBXFileReference; lastKnownFileType = file.storyboard; name = Base; path = Base.lproj/LaunchScreen.storyboard; sourceTree = "<group>"; };
		7E08E9A6209303C200F2D236 /* Info.plist */ = {isa = PBXFileReference; lastKnownFileType = text.plist.xml; path = Info.plist; sourceTree = "<group>"; };
		7E08E9C5209315E700F2D236 /* TaskDelegate.swift */ = {isa = PBXFileReference; fileEncoding = 4; lastKnownFileType = sourcecode.swift; path = TaskDelegate.swift; sourceTree = "<group>"; };
		7E08E9C6209315E700F2D236 /* MultipartFormData.swift */ = {isa = PBXFileReference; fileEncoding = 4; lastKnownFileType = sourcecode.swift; path = MultipartFormData.swift; sourceTree = "<group>"; };
		7E08E9C7209315E700F2D236 /* NetworkReachabilityManager.swift */ = {isa = PBXFileReference; fileEncoding = 4; lastKnownFileType = sourcecode.swift; path = NetworkReachabilityManager.swift; sourceTree = "<group>"; };
		7E08E9C8209315E700F2D236 /* Timeline.swift */ = {isa = PBXFileReference; fileEncoding = 4; lastKnownFileType = sourcecode.swift; path = Timeline.swift; sourceTree = "<group>"; };
		7E08E9C9209315E700F2D236 /* DispatchQueue+Alamofire.swift */ = {isa = PBXFileReference; fileEncoding = 4; lastKnownFileType = sourcecode.swift; path = "DispatchQueue+Alamofire.swift"; sourceTree = "<group>"; };
		7E08E9CA209315E700F2D236 /* Result.swift */ = {isa = PBXFileReference; fileEncoding = 4; lastKnownFileType = sourcecode.swift; path = Result.swift; sourceTree = "<group>"; };
		7E08E9CB209315E700F2D236 /* ParameterEncoding.swift */ = {isa = PBXFileReference; fileEncoding = 4; lastKnownFileType = sourcecode.swift; path = ParameterEncoding.swift; sourceTree = "<group>"; };
		7E08E9CC209315E700F2D236 /* AFError.swift */ = {isa = PBXFileReference; fileEncoding = 4; lastKnownFileType = sourcecode.swift; path = AFError.swift; sourceTree = "<group>"; };
		7E08E9CD209315E700F2D236 /* Validation.swift */ = {isa = PBXFileReference; fileEncoding = 4; lastKnownFileType = sourcecode.swift; path = Validation.swift; sourceTree = "<group>"; };
		7E08E9CE209315E700F2D236 /* Notifications.swift */ = {isa = PBXFileReference; fileEncoding = 4; lastKnownFileType = sourcecode.swift; path = Notifications.swift; sourceTree = "<group>"; };
		7E08E9CF209315E700F2D236 /* Response.swift */ = {isa = PBXFileReference; fileEncoding = 4; lastKnownFileType = sourcecode.swift; path = Response.swift; sourceTree = "<group>"; };
		7E08E9D0209315E700F2D236 /* Alamofire.swift */ = {isa = PBXFileReference; fileEncoding = 4; lastKnownFileType = sourcecode.swift; path = Alamofire.swift; sourceTree = "<group>"; };
		7E08E9D2209315E700F2D236 /* Request.swift */ = {isa = PBXFileReference; fileEncoding = 4; lastKnownFileType = sourcecode.swift; path = Request.swift; sourceTree = "<group>"; };
		7E08E9D3209315E700F2D236 /* SessionManager.swift */ = {isa = PBXFileReference; fileEncoding = 4; lastKnownFileType = sourcecode.swift; path = SessionManager.swift; sourceTree = "<group>"; };
		7E08E9D4209315E700F2D236 /* ResponseSerialization.swift */ = {isa = PBXFileReference; fileEncoding = 4; lastKnownFileType = sourcecode.swift; path = ResponseSerialization.swift; sourceTree = "<group>"; };
		7E08E9D5209315E700F2D236 /* Alamofire.h */ = {isa = PBXFileReference; fileEncoding = 4; lastKnownFileType = sourcecode.c.h; path = Alamofire.h; sourceTree = "<group>"; };
		7E08E9D6209315E700F2D236 /* ServerTrustPolicy.swift */ = {isa = PBXFileReference; fileEncoding = 4; lastKnownFileType = sourcecode.swift; path = ServerTrustPolicy.swift; sourceTree = "<group>"; };
		7E08E9D8209315E700F2D236 /* SessionDelegate.swift */ = {isa = PBXFileReference; fileEncoding = 4; lastKnownFileType = sourcecode.swift; path = SessionDelegate.swift; sourceTree = "<group>"; };
		7E08E9F52093247900F2D236 /* Archive.swift */ = {isa = PBXFileReference; fileEncoding = 4; lastKnownFileType = sourcecode.swift; path = Archive.swift; sourceTree = "<group>"; };
		7E08E9F62093247900F2D236 /* Archive+Reading.swift */ = {isa = PBXFileReference; fileEncoding = 4; lastKnownFileType = sourcecode.swift; path = "Archive+Reading.swift"; sourceTree = "<group>"; };
		7E08E9F72093247900F2D236 /* Entry.swift */ = {isa = PBXFileReference; fileEncoding = 4; lastKnownFileType = sourcecode.swift; path = Entry.swift; sourceTree = "<group>"; };
		7E08E9F82093247900F2D236 /* Data+Compression.swift */ = {isa = PBXFileReference; fileEncoding = 4; lastKnownFileType = sourcecode.swift; path = "Data+Compression.swift"; sourceTree = "<group>"; };
		7E08E9F92093247900F2D236 /* Archive+Writing.swift */ = {isa = PBXFileReference; fileEncoding = 4; lastKnownFileType = sourcecode.swift; path = "Archive+Writing.swift"; sourceTree = "<group>"; };
		7E08E9FA2093247900F2D236 /* Data+Serialization.swift */ = {isa = PBXFileReference; fileEncoding = 4; lastKnownFileType = sourcecode.swift; path = "Data+Serialization.swift"; sourceTree = "<group>"; };
		7E08E9FB2093247900F2D236 /* FileManager+ZIP.swift */ = {isa = PBXFileReference; fileEncoding = 4; lastKnownFileType = sourcecode.swift; path = "FileManager+ZIP.swift"; sourceTree = "<group>"; };
/* End PBXFileReference section */

/* Begin PBXFrameworksBuildPhase section */
		7E08E992209303C000F2D236 /* Frameworks */ = {
			isa = PBXFrameworksBuildPhase;
			buildActionMask = 2147483647;
			files = (
			);
			runOnlyForDeploymentPostprocessing = 0;
		};
/* End PBXFrameworksBuildPhase section */

/* Begin PBXGroup section */
		7E08E98C209303C000F2D236 = {
			isa = PBXGroup;
			children = (
				7E08E997209303C000F2D236 /* Remote3DSceneDemo */,
				7E08E996209303C000F2D236 /* Products */,
			);
			sourceTree = "<group>";
		};
		7E08E996209303C000F2D236 /* Products */ = {
			isa = PBXGroup;
			children = (
				7E08E995209303C000F2D236 /* Remote3DSceneDemo.app */,
			);
			name = Products;
			sourceTree = "<group>";
		};
		7E08E997209303C000F2D236 /* Remote3DSceneDemo */ = {
			isa = PBXGroup;
			children = (
				7E08E9F42093247900F2D236 /* ZIPFoundation */,
				7E08E9C4209315E700F2D236 /* Alamofire */,
				7E08E998209303C000F2D236 /* AppDelegate.swift */,
				7E08E99A209303C000F2D236 /* art.scnassets */,
				7E08E99C209303C000F2D236 /* ViewController.swift */,
				7E08E99E209303C000F2D236 /* Main.storyboard */,
				7E08E9A1209303C200F2D236 /* Assets.xcassets */,
				7E08E9A3209303C200F2D236 /* LaunchScreen.storyboard */,
				7E08E9A6209303C200F2D236 /* Info.plist */,
			);
			path = Remote3DSceneDemo;
			sourceTree = "<group>";
		};
		7E08E9C4209315E700F2D236 /* Alamofire */ = {
			isa = PBXGroup;
			children = (
				7E08E9C5209315E700F2D236 /* TaskDelegate.swift */,
				7E08E9C6209315E700F2D236 /* MultipartFormData.swift */,
				7E08E9C7209315E700F2D236 /* NetworkReachabilityManager.swift */,
				7E08E9C8209315E700F2D236 /* Timeline.swift */,
				7E08E9C9209315E700F2D236 /* DispatchQueue+Alamofire.swift */,
				7E08E9CA209315E700F2D236 /* Result.swift */,
				7E08E9CB209315E700F2D236 /* ParameterEncoding.swift */,
				7E08E9CC209315E700F2D236 /* AFError.swift */,
				7E08E9CD209315E700F2D236 /* Validation.swift */,
				7E08E9CE209315E700F2D236 /* Notifications.swift */,
				7E08E9CF209315E700F2D236 /* Response.swift */,
				7E08E9D0209315E700F2D236 /* Alamofire.swift */,
				7E08E9D2209315E700F2D236 /* Request.swift */,
				7E08E9D3209315E700F2D236 /* SessionManager.swift */,
				7E08E9D4209315E700F2D236 /* ResponseSerialization.swift */,
				7E08E9D5209315E700F2D236 /* Alamofire.h */,
				7E08E9D6209315E700F2D236 /* ServerTrustPolicy.swift */,
				7E08E9D8209315E700F2D236 /* SessionDelegate.swift */,
			);
			path = Alamofire;
			sourceTree = "<group>";
		};
		7E08E9F42093247900F2D236 /* ZIPFoundation */ = {
			isa = PBXGroup;
			children = (
				7E08E9F52093247900F2D236 /* Archive.swift */,
				7E08E9F62093247900F2D236 /* Archive+Reading.swift */,
				7E08E9F72093247900F2D236 /* Entry.swift */,
				7E08E9F82093247900F2D236 /* Data+Compression.swift */,
				7E08E9F92093247900F2D236 /* Archive+Writing.swift */,
				7E08E9FA2093247900F2D236 /* Data+Serialization.swift */,
				7E08E9FB2093247900F2D236 /* FileManager+ZIP.swift */,
			);
			path = ZIPFoundation;
			sourceTree = "<group>";
		};
/* End PBXGroup section */

/* Begin PBXNativeTarget section */
		7E08E994209303C000F2D236 /* Remote3DSceneDemo */ = {
			isa = PBXNativeTarget;
			buildConfigurationList = 7E08E9A9209303C200F2D236 /* Build configuration list for PBXNativeTarget "Remote3DSceneDemo" */;
			buildPhases = (
				7E08E991209303C000F2D236 /* Sources */,
				7E08E992209303C000F2D236 /* Frameworks */,
				7E08E993209303C000F2D236 /* Resources */,
			);
			buildRules = (
			);
			dependencies = (
			);
			name = Remote3DSceneDemo;
			productName = Remote3DSceneDemo;
			productReference = 7E08E995209303C000F2D236 /* Remote3DSceneDemo.app */;
			productType = "com.apple.product-type.application";
		};
/* End PBXNativeTarget section */

/* Begin PBXProject section */
		7E08E98D209303C000F2D236 /* Project object */ = {
			isa = PBXProject;
			attributes = {
				LastSwiftUpdateCheck = 0930;
				LastUpgradeCheck = 0930;
				ORGANIZATIONNAME = mac126;
				TargetAttributes = {
					7E08E994209303C000F2D236 = {
						CreatedOnToolsVersion = 9.3;
					};
				};
			};
			buildConfigurationList = 7E08E990209303C000F2D236 /* Build configuration list for PBXProject "Remote3DSceneDemo" */;
			compatibilityVersion = "Xcode 9.3";
			developmentRegion = en;
			hasScannedForEncodings = 0;
			knownRegions = (
				en,
				Base,
			);
			mainGroup = 7E08E98C209303C000F2D236;
			productRefGroup = 7E08E996209303C000F2D236 /* Products */;
			projectDirPath = "";
			projectRoot = "";
			targets = (
				7E08E994209303C000F2D236 /* Remote3DSceneDemo */,
			);
		};
/* End PBXProject section */

/* Begin PBXResourcesBuildPhase section */
		7E08E993209303C000F2D236 /* Resources */ = {
			isa = PBXResourcesBuildPhase;
			buildActionMask = 2147483647;
			files = (
				7E08E99B209303C000F2D236 /* art.scnassets in Resources */,
				7E08E9A5209303C200F2D236 /* LaunchScreen.storyboard in Resources */,
				7E08E9A2209303C200F2D236 /* Assets.xcassets in Resources */,
				7E08E9A0209303C000F2D236 /* Main.storyboard in Resources */,
			);
			runOnlyForDeploymentPostprocessing = 0;
		};
/* End PBXResourcesBuildPhase section */

/* Begin PBXSourcesBuildPhase section */
		7E08E991209303C000F2D236 /* Sources */ = {
			isa = PBXSourcesBuildPhase;
			buildActionMask = 2147483647;
			files = (
				7E08E9FF2093247900F2D236 /* Data+Compression.swift in Sources */,
				7E08E9E4209315E700F2D236 /* Timeline.swift in Sources */,
				7E08E9F1209315E800F2D236 /* ServerTrustPolicy.swift in Sources */,
				7E08E99D209303C000F2D236 /* ViewController.swift in Sources */,
				7E08E9EE209315E800F2D236 /* Request.swift in Sources */,
				7E08E9E6209315E700F2D236 /* Result.swift in Sources */,
				7E08EA012093247900F2D236 /* Data+Serialization.swift in Sources */,
				7E08E9EB209315E800F2D236 /* Response.swift in Sources */,
				7E08E9FE2093247900F2D236 /* Entry.swift in Sources */,
				7E08E9EC209315E800F2D236 /* Alamofire.swift in Sources */,
				7E08E9E2209315E700F2D236 /* MultipartFormData.swift in Sources */,
				7E08EA022093247900F2D236 /* FileManager+ZIP.swift in Sources */,
				7E08E9EF209315E800F2D236 /* SessionManager.swift in Sources */,
				7E08E9E5209315E700F2D236 /* DispatchQueue+Alamofire.swift in Sources */,
				7E08E9FC2093247900F2D236 /* Archive.swift in Sources */,
				7E08E9E1209315E700F2D236 /* TaskDelegate.swift in Sources */,
				7E08E9E9209315E700F2D236 /* Validation.swift in Sources */,
				7E08E9FD2093247900F2D236 /* Archive+Reading.swift in Sources */,
				7E08E9E8209315E700F2D236 /* AFError.swift in Sources */,
				7E08EA002093247900F2D236 /* Archive+Writing.swift in Sources */,
				7E08E9F3209315E800F2D236 /* SessionDelegate.swift in Sources */,
				7E08E9EA209315E700F2D236 /* Notifications.swift in Sources */,
				7E08E9E3209315E700F2D236 /* NetworkReachabilityManager.swift in Sources */,
				7E08E9F0209315E800F2D236 /* ResponseSerialization.swift in Sources */,
				7E08E9E7209315E700F2D236 /* ParameterEncoding.swift in Sources */,
				7E08E999209303C000F2D236 /* AppDelegate.swift in Sources */,
			);
			runOnlyForDeploymentPostprocessing = 0;
		};
/* End PBXSourcesBuildPhase section */

/* Begin PBXVariantGroup section */
		7E08E99E209303C000F2D236 /* Main.storyboard */ = {
			isa = PBXVariantGroup;
			children = (
				7E08E99F209303C000F2D236 /* Base */,
			);
			name = Main.storyboard;
			sourceTree = "<group>";
		};
		7E08E9A3209303C200F2D236 /* LaunchScreen.storyboard */ = {
			isa = PBXVariantGroup;
			children = (
				7E08E9A4209303C200F2D236 /* Base */,
			);
			name = LaunchScreen.storyboard;
			sourceTree = "<group>";
		};
/* End PBXVariantGroup section */

/* Begin XCBuildConfiguration section */
		7E08E9A7209303C200F2D236 /* Debug */ = {
			isa = XCBuildConfiguration;
			buildSettings = {
				ALWAYS_SEARCH_USER_PATHS = NO;
				CLANG_ANALYZER_NONNULL = YES;
				CLANG_ANALYZER_NUMBER_OBJECT_CONVERSION = YES_AGGRESSIVE;
				CLANG_CXX_LANGUAGE_STANDARD = "gnu++14";
				CLANG_CXX_LIBRARY = "libc++";
				CLANG_ENABLE_MODULES = YES;
				CLANG_ENABLE_OBJC_ARC = YES;
				CLANG_ENABLE_OBJC_WEAK = YES;
				CLANG_WARN_BLOCK_CAPTURE_AUTORELEASING = YES;
				CLANG_WARN_BOOL_CONVERSION = YES;
				CLANG_WARN_COMMA = YES;
				CLANG_WARN_CONSTANT_CONVERSION = YES;
				CLANG_WARN_DEPRECATED_OBJC_IMPLEMENTATIONS = YES;
				CLANG_WARN_DIRECT_OBJC_ISA_USAGE = YES_ERROR;
				CLANG_WARN_DOCUMENTATION_COMMENTS = YES;
				CLANG_WARN_EMPTY_BODY = YES;
				CLANG_WARN_ENUM_CONVERSION = YES;
				CLANG_WARN_INFINITE_RECURSION = YES;
				CLANG_WARN_INT_CONVERSION = YES;
				CLANG_WARN_NON_LITERAL_NULL_CONVERSION = YES;
				CLANG_WARN_OBJC_IMPLICIT_RETAIN_SELF = YES;
				CLANG_WARN_OBJC_LITERAL_CONVERSION = YES;
				CLANG_WARN_OBJC_ROOT_CLASS = YES_ERROR;
				CLANG_WARN_RANGE_LOOP_ANALYSIS = YES;
				CLANG_WARN_STRICT_PROTOTYPES = YES;
				CLANG_WARN_SUSPICIOUS_MOVE = YES;
				CLANG_WARN_UNGUARDED_AVAILABILITY = YES_AGGRESSIVE;
				CLANG_WARN_UNREACHABLE_CODE = YES;
				CLANG_WARN__DUPLICATE_METHOD_MATCH = YES;
				CODE_SIGN_IDENTITY = "iPhone Developer";
				COPY_PHASE_STRIP = NO;
				DEBUG_INFORMATION_FORMAT = dwarf;
				ENABLE_STRICT_OBJC_MSGSEND = YES;
				ENABLE_TESTABILITY = YES;
				GCC_C_LANGUAGE_STANDARD = gnu11;
				GCC_DYNAMIC_NO_PIC = NO;
				GCC_NO_COMMON_BLOCKS = YES;
				GCC_OPTIMIZATION_LEVEL = 0;
				GCC_PREPROCESSOR_DEFINITIONS = (
					"DEBUG=1",
					"$(inherited)",
				);
				GCC_WARN_64_TO_32_BIT_CONVERSION = YES;
				GCC_WARN_ABOUT_RETURN_TYPE = YES_ERROR;
				GCC_WARN_UNDECLARED_SELECTOR = YES;
				GCC_WARN_UNINITIALIZED_AUTOS = YES_AGGRESSIVE;
				GCC_WARN_UNUSED_FUNCTION = YES;
				GCC_WARN_UNUSED_VARIABLE = YES;
				IPHONEOS_DEPLOYMENT_TARGET = 11.3;
				MTL_ENABLE_DEBUG_INFO = YES;
				ONLY_ACTIVE_ARCH = YES;
				SDKROOT = iphoneos;
				SWIFT_ACTIVE_COMPILATION_CONDITIONS = DEBUG;
				SWIFT_OPTIMIZATION_LEVEL = "-Onone";
			};
			name = Debug;
		};
		7E08E9A8209303C200F2D236 /* Release */ = {
			isa = XCBuildConfiguration;
			buildSettings = {
				ALWAYS_SEARCH_USER_PATHS = NO;
				CLANG_ANALYZER_NONNULL = YES;
				CLANG_ANALYZER_NUMBER_OBJECT_CONVERSION = YES_AGGRESSIVE;
				CLANG_CXX_LANGUAGE_STANDARD = "gnu++14";
				CLANG_CXX_LIBRARY = "libc++";
				CLANG_ENABLE_MODULES = YES;
				CLANG_ENABLE_OBJC_ARC = YES;
				CLANG_ENABLE_OBJC_WEAK = YES;
				CLANG_WARN_BLOCK_CAPTURE_AUTORELEASING = YES;
				CLANG_WARN_BOOL_CONVERSION = YES;
				CLANG_WARN_COMMA = YES;
				CLANG_WARN_CONSTANT_CONVERSION = YES;
				CLANG_WARN_DEPRECATED_OBJC_IMPLEMENTATIONS = YES;
				CLANG_WARN_DIRECT_OBJC_ISA_USAGE = YES_ERROR;
				CLANG_WARN_DOCUMENTATION_COMMENTS = YES;
				CLANG_WARN_EMPTY_BODY = YES;
				CLANG_WARN_ENUM_CONVERSION = YES;
				CLANG_WARN_INFINITE_RECURSION = YES;
				CLANG_WARN_INT_CONVERSION = YES;
				CLANG_WARN_NON_LITERAL_NULL_CONVERSION = YES;
				CLANG_WARN_OBJC_IMPLICIT_RETAIN_SELF = YES;
				CLANG_WARN_OBJC_LITERAL_CONVERSION = YES;
				CLANG_WARN_OBJC_ROOT_CLASS = YES_ERROR;
				CLANG_WARN_RANGE_LOOP_ANALYSIS = YES;
				CLANG_WARN_STRICT_PROTOTYPES = YES;
				CLANG_WARN_SUSPICIOUS_MOVE = YES;
				CLANG_WARN_UNGUARDED_AVAILABILITY = YES_AGGRESSIVE;
				CLANG_WARN_UNREACHABLE_CODE = YES;
				CLANG_WARN__DUPLICATE_METHOD_MATCH = YES;
				CODE_SIGN_IDENTITY = "iPhone Developer";
				COPY_PHASE_STRIP = NO;
				DEBUG_INFORMATION_FORMAT = "dwarf-with-dsym";
				ENABLE_NS_ASSERTIONS = NO;
				ENABLE_STRICT_OBJC_MSGSEND = YES;
				GCC_C_LANGUAGE_STANDARD = gnu11;
				GCC_NO_COMMON_BLOCKS = YES;
				GCC_WARN_64_TO_32_BIT_CONVERSION = YES;
				GCC_WARN_ABOUT_RETURN_TYPE = YES_ERROR;
				GCC_WARN_UNDECLARED_SELECTOR = YES;
				GCC_WARN_UNINITIALIZED_AUTOS = YES_AGGRESSIVE;
				GCC_WARN_UNUSED_FUNCTION = YES;
				GCC_WARN_UNUSED_VARIABLE = YES;
				IPHONEOS_DEPLOYMENT_TARGET = 11.3;
				MTL_ENABLE_DEBUG_INFO = NO;
				SDKROOT = iphoneos;
				SWIFT_COMPILATION_MODE = wholemodule;
				SWIFT_OPTIMIZATION_LEVEL = "-O";
				VALIDATE_PRODUCT = YES;
			};
			name = Release;
		};
		7E08E9AA209303C200F2D236 /* Debug */ = {
			isa = XCBuildConfiguration;
			buildSettings = {
				ASSETCATALOG_COMPILER_APPICON_NAME = AppIcon;
				CODE_SIGN_STYLE = Automatic;
				DEVELOPMENT_TEAM = 3NV32R76SX;
				INFOPLIST_FILE = Remote3DSceneDemo/Info.plist;
				LD_RUNPATH_SEARCH_PATHS = (
					"$(inherited)",
					"@executable_path/Frameworks",
				);
				PRODUCT_BUNDLE_IDENTIFIER = com.betasmart.Remote3DSceneDemo;
				PRODUCT_NAME = "$(TARGET_NAME)";
				SWIFT_VERSION = 4.0;
				TARGETED_DEVICE_FAMILY = "1,2";
			};
			name = Debug;
		};
		7E08E9AB209303C200F2D236 /* Release */ = {
			isa = XCBuildConfiguration;
			buildSettings = {
				ASSETCATALOG_COMPILER_APPICON_NAME = AppIcon;
				CODE_SIGN_STYLE = Automatic;
				DEVELOPMENT_TEAM = 3NV32R76SX;
				INFOPLIST_FILE = Remote3DSceneDemo/Info.plist;
				LD_RUNPATH_SEARCH_PATHS = (
					"$(inherited)",
					"@executable_path/Frameworks",
				);
				PRODUCT_BUNDLE_IDENTIFIER = com.betasmart.Remote3DSceneDemo;
				PRODUCT_NAME = "$(TARGET_NAME)";
				SWIFT_VERSION = 4.0;
				TARGETED_DEVICE_FAMILY = "1,2";
			};
			name = Release;
		};
/* End XCBuildConfiguration section */

/* Begin XCConfigurationList section */
		7E08E990209303C000F2D236 /* Build configuration list for PBXProject "Remote3DSceneDemo" */ = {
			isa = XCConfigurationList;
			buildConfigurations = (
				7E08E9A7209303C200F2D236 /* Debug */,
				7E08E9A8209303C200F2D236 /* Release */,
			);
			defaultConfigurationIsVisible = 0;
			defaultConfigurationName = Release;
		};
		7E08E9A9209303C200F2D236 /* Build configuration list for PBXNativeTarget "Remote3DSceneDemo" */ = {
			isa = XCConfigurationList;
			buildConfigurations = (
				7E08E9AA209303C200F2D236 /* Debug */,
				7E08E9AB209303C200F2D236 /* Release */,
			);
			defaultConfigurationIsVisible = 0;
			defaultConfigurationName = Release;
		};
/* End XCConfigurationList section */
	};
	rootObject = 7E08E98D209303C000F2D236 /* Project object */;
}
